
Microsoft Visual Studio Solution File, Format Version 10.00
# Visual Studio 2008
# SharpDevelop 5.1
Project("{FAE04EC0-301F-11D3-BF4B-00C04F79EFBC}") = "input2stdout", "input2stdout\input2stdout.csproj", "{D3288903-E34B-41F9-AB90-B2CC8E446C6A}"
EndProject
Global
	GlobalSection(SolutionConfigurationPlatforms) = preSolution
		Debug|Any CPU = Debug|Any CPU
		Release|Any CPU = Release|Any CPU
	EndGlobalSection
	GlobalSection(ProjectConfigurationPlatforms) = postSolution
		{D3288903-E34B-41F9-AB90-B2CC8E446C6A}.Debug|Any CPU.ActiveCfg = Debug|Any CPU
		{D3288903-E34B-41F9-AB90-B2CC8E446C6A}.Debug|Any CPU.Build.0 = Debug|Any CPU
		{D3288903-E34B-41F9-AB90-B2CC8E446C6A}.Release|Any CPU.ActiveCfg = Release|Any CPU
		{D3288903-E34B-41F9-AB90-B2CC8E446C6A}.Release|Any CPU.Build.0 = Release|Any CPU
	EndGlobalSection
EndGlobal
